
Microsoft Visual Studio Solution File, Format Version 12.00
# Visual Studio Version 16
VisualStudioVersion = 16.0.33214.272
MinimumVisualStudioVersion = 10.0.40219.1
Project("{FAE04EC0-301F-11D3-BF4B-00C04F79EFBC}") = "ImpossibleToWinTicTacToe", "ImpossibleToWinTicTacToe.csproj", "{BE3FA0B3-FBDA-4B84-98C7-97E8DE717957}"
EndProject
Global
	GlobalSection(SolutionConfigurationPlatforms) = preSolution
		Debug|Any CPU = Debug|Any CPU
		Release|Any CPU = Release|Any CPU
	EndGlobalSection
	GlobalSection(ProjectConfigurationPlatforms) = postSolution
		{BE3FA0B3-FBDA-4B84-98C7-97E8DE717957}.Debug|Any CPU.ActiveCfg = Debug|Any CPU
		{BE3FA0B3-FBDA-4B84-98C7-97E8DE717957}.Debug|Any CPU.Build.0 = Debug|Any CPU
		{BE3FA0B3-FBDA-4B84-98C7-97E8DE717957}.Release|Any CPU.ActiveCfg = Release|Any CPU
		{BE3FA0B3-FBDA-4B84-98C7-97E8DE717957}.Release|Any CPU.Build.0 = Release|Any CPU
	EndGlobalSection
	GlobalSection(SolutionProperties) = preSolution
		HideSolutionNode = FALSE
	EndGlobalSection
	GlobalSection(ExtensibilityGlobals) = postSolution
		SolutionGuid = {6E66FAFF-A1E0-45A2-9DB6-5C9BB5F13C65}
	EndGlobalSection
EndGlobal
